
Microsoft Visual Studio Solution File, Format Version 12.00
# Visual Studio Version 17
VisualStudioVersion = 17.5.33502.453
MinimumVisualStudioVersion = 10.0.40219.1
Project("{8BC9CEB8-8B4A-11D0-8D11-00A0C91BC942}") = "OJ_practise_4_8", "OJ_practise_4_8\OJ_practise_4_8.vcxproj", "{05A2704A-C3A5-4DCA-9FBF-B7A7291EAD32}"
EndProject
Global
	GlobalSection(SolutionConfigurationPlatforms) = preSolution
		Debug|x64 = Debug|x64
		Debug|x86 = Debug|x86
		Release|x64 = Release|x64
		Release|x86 = Release|x86
	EndGlobalSection
	GlobalSection(ProjectConfigurationPlatforms) = postSolution
		{05A2704A-C3A5-4DCA-9FBF-B7A7291EAD32}.Debug|x64.ActiveCfg = Debug|x64
		{05A2704A-C3A5-4DCA-9FBF-B7A7291EAD32}.Debug|x64.Build.0 = Debug|x64
		{05A2704A-C3A5-4DCA-9FBF-B7A7291EAD32}.Debug|x86.ActiveCfg = Debug|Win32
		{05A2704A-C3A5-4DCA-9FBF-B7A7291EAD32}.Debug|x86.Build.0 = Debug|Win32
		{05A2704A-C3A5-4DCA-9FBF-B7A7291EAD32}.Release|x64.ActiveCfg = Release|x64
		{05A2704A-C3A5-4DCA-9FBF-B7A7291EAD32}.Release|x64.Build.0 = Release|x64
		{05A2704A-C3A5-4DCA-9FBF-B7A7291EAD32}.Release|x86.ActiveCfg = Release|Win32
		{05A2704A-C3A5-4DCA-9FBF-B7A7291EAD32}.Release|x86.Build.0 = Release|Win32
	EndGlobalSection
	GlobalSection(SolutionProperties) = preSolution
		HideSolutionNode = FALSE
	EndGlobalSection
	GlobalSection(ExtensibilityGlobals) = postSolution
		SolutionGuid = {36957E63-3274-4245-A4AD-515096295FF7}
	EndGlobalSection
EndGlobal
